{
  "name": "rollup-plugin-parcel-css-playground",
  "lockfileVersion": 2,
  "requires": true,
  "packages": {
    "": {
      "name": "rollup-plugin-parcel-css-playground",
      "license": "MIT",
      "workspaces": [
        "rollup-plugin-parcel-css"
      ],
      "dependencies": {
        "rollup": "^2.67.2"
      }
    },
    "node_modules/@parcel/css": {
      "version": "1.3.2",
      "resolved": "https://registry.npmjs.org/@parcel/css/-/css-1.3.2.tgz",
      "integrity": "sha512-66a6R8UpF+pZ3HTkhGLl/pM9//KiMr7iHK3jF6EgxneklEzTMsSDDKhVZEGJSXuc3j2dzb8FSa0gy1vq4v/mhQ==",
      "peer": true,
      "dependencies": {
        "detect-libc": "^1.0.3"
      },
      "engines": {
        "node": ">= 12.0.0"
      },
      "funding": {
        "type": "opencollective",
        "url": "https://opencollective.com/parcel"
      },
      "optionalDependencies": {
        "@parcel/css-darwin-arm64": "1.3.2",
        "@parcel/css-darwin-x64": "1.3.2",
        "@parcel/css-linux-arm-gnueabihf": "1.3.2",
        "@parcel/css-linux-arm64-gnu": "1.3.2",
        "@parcel/css-linux-arm64-musl": "1.3.2",
        "@parcel/css-linux-x64-gnu": "1.3.2",
        "@parcel/css-linux-x64-musl": "1.3.2",
        "@parcel/css-win32-x64-msvc": "1.3.2"
      }
    },
    "node_modules/@parcel/css-darwin-arm64": {
      "version": "1.3.2",
      "resolved": "https://registry.npmjs.org/@parcel/css-darwin-arm64/-/css-darwin-arm64-1.3.2.tgz",
      "integrity": "sha512-wa5zwmjLCwbslCOzjux7mQm5xei/GVkyfHrrJY8PiGesD8GxE3r2s11B1Y2gb1k9iFRUHo+4pjdxcDUjqW5pKw==",
      "cpu": [
        "arm64"
      ],
      "optional": true,
      "os": [
        "darwin"
      ],
      "peer": true,
      "engines": {
        "node": ">= 12.0.0"
      },
      "funding": {
        "type": "opencollective",
        "url": "https://opencollective.com/parcel"
      }
    },
    "node_modules/@parcel/css-darwin-x64": {
      "version": "1.3.2",
      "resolved": "https://registry.npmjs.org/@parcel/css-darwin-x64/-/css-darwin-x64-1.3.2.tgz",
      "integrity": "sha512-5xsg/n1WC/SrfDbdXZ9rOxggSemmRnnfZ9r8Yce+1L25i3mx1KR9412JhWXTCs86x28kz+kclOzLj3s4lK3c7w==",
      "cpu": [
        "x64"
      ],
      "optional": true,
      "os": [
        "darwin"
      ],
      "peer": true,
      "engines": {
        "node": ">= 12.0.0"
      },
      "funding": {
        "type": "opencollective",
        "url": "https://opencollective.com/parcel"
      }
    },
    "node_modules/@parcel/css-linux-arm-gnueabihf": {
      "version": "1.3.2",
      "resolved": "https://registry.npmjs.org/@parcel/css-linux-arm-gnueabihf/-/css-linux-arm-gnueabihf-1.3.2.tgz",
      "integrity": "sha512-c9nVi57m7kO4YCseG03ByGZia2/IrESywQSFINvHcKVY6W8bmAcXWbURmqGXGGxwKb/gx3qcJ0qGTGg2MklOjw==",
      "cpu": [
        "arm"
      ],
      "optional": true,
      "os": [
        "linux"
      ],
      "peer": true,
      "engines": {
        "node": ">= 12.0.0"
      },
      "funding": {
        "type": "opencollective",
        "url": "https://opencollective.com/parcel"
      }
    },
    "node_modules/@parcel/css-linux-arm64-gnu": {
      "version": "1.3.2",
      "resolved": "https://registry.npmjs.org/@parcel/css-linux-arm64-gnu/-/css-linux-arm64-gnu-1.3.2.tgz",
      "integrity": "sha512-MBZerANtUXsY+zitCgAqRccBHyq6XTtpSapW5jDz2aI8VVIVBHPo69COw/i7Zq5VNFqZJeLX+NEja5Zp3gif2Q==",
      "cpu": [
        "arm64"
      ],
      "optional": true,
      "os": [
        "linux"
      ],
      "peer": true,
      "engines": {
        "node": ">= 12.0.0"
      },
      "funding": {
        "type": "opencollective",
        "url": "https://opencollective.com/parcel"
      }
    },
    "node_modules/@parcel/css-linux-arm64-musl": {
      "version": "1.3.2",
      "resolved": "https://registry.npmjs.org/@parcel/css-linux-arm64-musl/-/css-linux-arm64-musl-1.3.2.tgz",
      "integrity": "sha512-u+qZKlP0GEOLsY40iAZ7BAxfy69IloyzbakTLBXlBmULLUggqCA8qM89uylhQ9711ItRewsYC5EmJ0WWUxf+ZQ==",
      "cpu": [
        "arm64"
      ],
      "optional": true,
      "os": [
        "linux"
      ],
      "peer": true,
      "engines": {
        "node": ">= 12.0.0"
      },
      "funding": {
        "type": "opencollective",
        "url": "https://opencollective.com/parcel"
      }
    },
    "node_modules/@parcel/css-linux-x64-gnu": {
      "version": "1.3.2",
      "resolved": "https://registry.npmjs.org/@parcel/css-linux-x64-gnu/-/css-linux-x64-gnu-1.3.2.tgz",
      "integrity": "sha512-VfnOpQX+tqxaYVdR+dA4VJY6e1LELYnzIhdA4qsZNsKJeDtfx7lO50ObpQUsC8/bRFO6KD35ETXhy5wsDNlE2w==",
      "cpu": [
        "x64"
      ],
      "optional": true,
      "os": [
        "linux"
      ],
      "peer": true,
      "engines": {
        "node": ">= 12.0.0"
      },
      "funding": {
        "type": "opencollective",
        "url": "https://opencollective.com/parcel"
      }
    },
    "node_modules/@parcel/css-linux-x64-musl": {
      "version": "1.3.2",
      "resolved": "https://registry.npmjs.org/@parcel/css-linux-x64-musl/-/css-linux-x64-musl-1.3.2.tgz",
      "integrity": "sha512-StTlswO1rJW7Z+znGJs7BdotB2GUjejYR5r7z5mTaxb8acWXr2llU9fc3eGc9g5jE/7WATgoTZYOR0Y59HyGbw==",
      "cpu": [
        "x64"
      ],
      "optional": true,
      "os": [
        "linux"
      ],
      "peer": true,
      "engines": {
        "node": ">= 12.0.0"
      },
      "funding": {
        "type": "opencollective",
        "url": "https://opencollective.com/parcel"
      }
    },
    "node_modules/@parcel/css-win32-x64-msvc": {
      "version": "1.3.2",
      "resolved": "https://registry.npmjs.org/@parcel/css-win32-x64-msvc/-/css-win32-x64-msvc-1.3.2.tgz",
      "integrity": "sha512-W+Nt4tqK1LucaKm3RkZRnGolOzZ4Qp18RvLVIFGu0Jd0arGQBPEI438XkX20zglpeB9MBdLhDbd0Pgi8jS15YQ==",
      "cpu": [
        "x64"
      ],
      "optional": true,
      "os": [
        "win32"
      ],
      "peer": true,
      "engines": {
        "node": ">= 12.0.0"
      },
      "funding": {
        "type": "opencollective",
        "url": "https://opencollective.com/parcel"
      }
    },
    "node_modules/@types/node": {
      "version": "17.0.18",
      "resolved": "https://registry.npmjs.org/@types/node/-/node-17.0.18.tgz",
      "integrity": "sha512-eKj4f/BsN/qcculZiRSujogjvp5O/k4lOW5m35NopjZM/QwLOR075a8pJW5hD+Rtdm2DaCVPENS6KtSQnUD6BA==",
      "dev": true
    },
    "node_modules/detect-libc": {
      "version": "1.0.3",
      "resolved": "https://registry.npmjs.org/detect-libc/-/detect-libc-1.0.3.tgz",
      "integrity": "sha1-+hN8S9aY7fVc1c0CrFWfkaTEups=",
      "peer": true,
      "bin": {
        "detect-libc": "bin/detect-libc.js"
      },
      "engines": {
        "node": ">=0.10"
      }
    },
    "node_modules/estree-walker": {
      "version": "0.6.1",
      "resolved": "https://registry.npmjs.org/estree-walker/-/estree-walker-0.6.1.tgz",
      "integrity": "sha512-SqmZANLWS0mnatqbSfRP5g8OXZC12Fgg1IwNtLsyHDzJizORW4khDfjPqJZsemPWBB2uqykUah5YpQ6epsqC/w=="
    },
    "node_modules/fsevents": {
      "version": "2.3.2",
      "resolved": "https://registry.npmjs.org/fsevents/-/fsevents-2.3.2.tgz",
      "integrity": "sha512-xiqMQR4xAeHTuB9uWm+fFRcIOgKBMiOBP+eXiyT7jsgVCq1bkVygt00oASowB7EdtpOHaaPgKt812P9ab+DDKA==",
      "hasInstallScript": true,
      "optional": true,
      "os": [
        "darwin"
      ],
      "engines": {
        "node": "^8.16.0 || ^10.6.0 || >=11.0.0"
      }
    },
    "node_modules/rollup": {
      "version": "2.67.2",
      "resolved": "https://registry.npmjs.org/rollup/-/rollup-2.67.2.tgz",
      "integrity": "sha512-hoEiBWwZtf1QdK3jZIq59L0FJj4Fiv4RplCO4pvCRC86qsoFurWB4hKQIjoRf3WvJmk5UZ9b0y5ton+62fC7Tw==",
      "bin": {
        "rollup": "dist/bin/rollup"
      },
      "engines": {
        "node": ">=10.0.0"
      },
      "optionalDependencies": {
        "fsevents": "~2.3.2"
      }
    },
    "node_modules/rollup-plugin-parcel-css": {
      "resolved": "rollup-plugin-parcel-css",
      "link": true
    },
    "node_modules/rollup-pluginutils": {
      "version": "2.8.2",
      "resolved": "https://registry.npmjs.org/rollup-pluginutils/-/rollup-pluginutils-2.8.2.tgz",
      "integrity": "sha512-EEp9NhnUkwY8aif6bxgovPHMoMoNr2FulJziTndpt5H9RdwC47GSGuII9XxpSdzVGM0GWrNPHV6ie1LTNJPaLQ==",
      "dependencies": {
        "estree-walker": "^0.6.1"
      }
    },
    "node_modules/typescript": {
      "version": "4.5.5",
      "resolved": "https://registry.npmjs.org/typescript/-/typescript-4.5.5.tgz",
      "integrity": "sha512-TCTIul70LyWe6IJWT8QSYeA54WQe8EjQFU4wY52Fasj5UKx88LNYKCgBEHcOMOrFF1rKGbD8v/xcNWVUq9SymA==",
      "dev": true,
      "bin": {
        "tsc": "bin/tsc",
        "tsserver": "bin/tsserver"
      },
      "engines": {
        "node": ">=4.2.0"
      }
    },
    "rollup-plugin-parcel-css": {
      "version": "1.0.0",
      "license": "MIT",
      "dependencies": {
        "rollup-pluginutils": "^2.8.2"
      },
      "devDependencies": {
        "@types/node": "^17.0.18",
        "typescript": "^4.5.5"
      },
      "peerDependencies": {
        "@parcel/css": "*",
        "rollup": "*"
      }
    }
  },
  "dependencies": {
    "@parcel/css": {
      "version": "1.3.2",
      "resolved": "https://registry.npmjs.org/@parcel/css/-/css-1.3.2.tgz",
      "integrity": "sha512-66a6R8UpF+pZ3HTkhGLl/pM9//KiMr7iHK3jF6EgxneklEzTMsSDDKhVZEGJSXuc3j2dzb8FSa0gy1vq4v/mhQ==",
      "peer": true,
      "requires": {
        "@parcel/css-darwin-arm64": "1.3.2",
        "@parcel/css-darwin-x64": "1.3.2",
        "@parcel/css-linux-arm-gnueabihf": "1.3.2",
        "@parcel/css-linux-arm64-gnu": "1.3.2",
        "@parcel/css-linux-arm64-musl": "1.3.2",
        "@parcel/css-linux-x64-gnu": "1.3.2",
        "@parcel/css-linux-x64-musl": "1.3.2",
        "@parcel/css-win32-x64-msvc": "1.3.2",
        "detect-libc": "^1.0.3"
      }
    },
    "@parcel/css-darwin-arm64": {
      "version": "1.3.2",
      "resolved": "https://registry.npmjs.org/@parcel/css-darwin-arm64/-/css-darwin-arm64-1.3.2.tgz",
      "integrity": "sha512-wa5zwmjLCwbslCOzjux7mQm5xei/GVkyfHrrJY8PiGesD8GxE3r2s11B1Y2gb1k9iFRUHo+4pjdxcDUjqW5pKw==",
      "optional": true,
      "peer": true
    },
    "@parcel/css-darwin-x64": {
      "version": "1.3.2",
      "resolved": "https://registry.npmjs.org/@parcel/css-darwin-x64/-/css-darwin-x64-1.3.2.tgz",
      "integrity": "sha512-5xsg/n1WC/SrfDbdXZ9rOxggSemmRnnfZ9r8Yce+1L25i3mx1KR9412JhWXTCs86x28kz+kclOzLj3s4lK3c7w==",
      "optional": true,
      "peer": true
    },
    "@parcel/css-linux-arm-gnueabihf": {
      "version": "1.3.2",
      "resolved": "https://registry.npmjs.org/@parcel/css-linux-arm-gnueabihf/-/css-linux-arm-gnueabihf-1.3.2.tgz",
      "integrity": "sha512-c9nVi57m7kO4YCseG03ByGZia2/IrESywQSFINvHcKVY6W8bmAcXWbURmqGXGGxwKb/gx3qcJ0qGTGg2MklOjw==",
      "optional": true,
      "peer": true
    },
    "@parcel/css-linux-arm64-gnu": {
      "version": "1.3.2",
      "resolved": "https://registry.npmjs.org/@parcel/css-linux-arm64-gnu/-/css-linux-arm64-gnu-1.3.2.tgz",
      "integrity": "sha512-MBZerANtUXsY+zitCgAqRccBHyq6XTtpSapW5jDz2aI8VVIVBHPo69COw/i7Zq5VNFqZJeLX+NEja5Zp3gif2Q==",
      "optional": true,
      "peer": true
    },
    "@parcel/css-linux-arm64-musl": {
      "version": "1.3.2",
      "resolved": "https://registry.npmjs.org/@parcel/css-linux-arm64-musl/-/css-linux-arm64-musl-1.3.2.tgz",
      "integrity": "sha512-u+qZKlP0GEOLsY40iAZ7BAxfy69IloyzbakTLBXlBmULLUggqCA8qM89uylhQ9711ItRewsYC5EmJ0WWUxf+ZQ==",
      "optional": true,
      "peer": true
    },
    "@parcel/css-linux-x64-gnu": {
      "version": "1.3.2",
      "resolved": "https://registry.npmjs.org/@parcel/css-linux-x64-gnu/-/css-linux-x64-gnu-1.3.2.tgz",
      "integrity": "sha512-VfnOpQX+tqxaYVdR+dA4VJY6e1LELYnzIhdA4qsZNsKJeDtfx7lO50ObpQUsC8/bRFO6KD35ETXhy5wsDNlE2w==",
      "optional": true,
      "peer": true
    },
    "@parcel/css-linux-x64-musl": {
      "version": "1.3.2",
      "resolved": "https://registry.npmjs.org/@parcel/css-linux-x64-musl/-/css-linux-x64-musl-1.3.2.tgz",
      "integrity": "sha512-StTlswO1rJW7Z+znGJs7BdotB2GUjejYR5r7z5mTaxb8acWXr2llU9fc3eGc9g5jE/7WATgoTZYOR0Y59HyGbw==",
      "optional": true,
      "peer": true
    },
    "@parcel/css-win32-x64-msvc": {
      "version": "1.3.2",
      "resolved": "https://registry.npmjs.org/@parcel/css-win32-x64-msvc/-/css-win32-x64-msvc-1.3.2.tgz",
      "integrity": "sha512-W+Nt4tqK1LucaKm3RkZRnGolOzZ4Qp18RvLVIFGu0Jd0arGQBPEI438XkX20zglpeB9MBdLhDbd0Pgi8jS15YQ==",
      "optional": true,
      "peer": true
    },
    "@types/node": {
      "version": "17.0.18",
      "resolved": "https://registry.npmjs.org/@types/node/-/node-17.0.18.tgz",
      "integrity": "sha512-eKj4f/BsN/qcculZiRSujogjvp5O/k4lOW5m35NopjZM/QwLOR075a8pJW5hD+Rtdm2DaCVPENS6KtSQnUD6BA==",
      "dev": true
    },
    "detect-libc": {
      "version": "1.0.3",
      "resolved": "https://registry.npmjs.org/detect-libc/-/detect-libc-1.0.3.tgz",
      "integrity": "sha1-+hN8S9aY7fVc1c0CrFWfkaTEups=",
      "peer": true
    },
    "estree-walker": {
      "version": "0.6.1",
      "resolved": "https://registry.npmjs.org/estree-walker/-/estree-walker-0.6.1.tgz",
      "integrity": "sha512-SqmZANLWS0mnatqbSfRP5g8OXZC12Fgg1IwNtLsyHDzJizORW4khDfjPqJZsemPWBB2uqykUah5YpQ6epsqC/w=="
    },
    "fsevents": {
      "version": "2.3.2",
      "resolved": "https://registry.npmjs.org/fsevents/-/fsevents-2.3.2.tgz",
      "integrity": "sha512-xiqMQR4xAeHTuB9uWm+fFRcIOgKBMiOBP+eXiyT7jsgVCq1bkVygt00oASowB7EdtpOHaaPgKt812P9ab+DDKA==",
      "optional": true
    },
    "rollup": {
      "version": "2.67.2",
      "resolved": "https://registry.npmjs.org/rollup/-/rollup-2.67.2.tgz",
      "integrity": "sha512-hoEiBWwZtf1QdK3jZIq59L0FJj4Fiv4RplCO4pvCRC86qsoFurWB4hKQIjoRf3WvJmk5UZ9b0y5ton+62fC7Tw==",
      "requires": {
        "fsevents": "~2.3.2"
      }
    },
    "rollup-plugin-parcel-css": {
      "version": "file:rollup-plugin-parcel-css",
      "requires": {
        "@types/node": "^17.0.18",
        "rollup-pluginutils": "^2.8.2",
        "typescript": "^4.5.5"
      }
    },
    "rollup-pluginutils": {
      "version": "2.8.2",
      "resolved": "https://registry.npmjs.org/rollup-pluginutils/-/rollup-pluginutils-2.8.2.tgz",
      "integrity": "sha512-EEp9NhnUkwY8aif6bxgovPHMoMoNr2FulJziTndpt5H9RdwC47GSGuII9XxpSdzVGM0GWrNPHV6ie1LTNJPaLQ==",
      "requires": {
        "estree-walker": "^0.6.1"
      }
    },
    "typescript": {
      "version": "4.5.5",
      "resolved": "https://registry.npmjs.org/typescript/-/typescript-4.5.5.tgz",
      "integrity": "sha512-TCTIul70LyWe6IJWT8QSYeA54WQe8EjQFU4wY52Fasj5UKx88LNYKCgBEHcOMOrFF1rKGbD8v/xcNWVUq9SymA==",
      "dev": true
    }
  }
}
